DEPENDENCIES
  apache_tomcat
    path: .
    metadata: true
  apache_tomcat_test
    path: test/fixtures/cookbooks/apache_tomcat_test

GRAPH
  7-zip (1.0.2)
    windows (>= 1.2.2)
  apache_tomcat (0.5.1)
    ark (~> 0.9)
    poise (~> 2.3.2)
    poise-service (~> 1.0)
  apache_tomcat_test (0.0.1)
    apache_tomcat (>= 0.0.0)
    java (~> 1.31)
  ark (0.9.0)
    7-zip (>= 0.0.0)
    windows (>= 0.0.0)
  chef_handler (1.2.0)
  java (1.35.0)
  poise (2.3.2)
  poise-service (1.0.1)
    poise (~> 2.0)
  windows (1.38.1)
    chef_handler (>= 0.0.0)
