DEPENDENCIES
  catalina
    path: .
    metadata: true

GRAPH
  7-zip (1.0.2)
    windows (>= 1.2.2)
  ark (0.9.0)
    7-zip (>= 0.0.0)
    windows (>= 0.0.0)
  catalina (0.1.0)
    ark (~> 0.9)
    java (~> 1.31)
    poise (~> 2.0)
  chef_handler (1.2.0)
  java (1.31.0)
  poise (2.2.3)
  windows (1.37.0)
    chef_handler (>= 0.0.0)
